
Microsoft Visual Studio Solution File, Format Version 12.00
# Visual Studio Version 17
VisualStudioVersion = 17.8.34408.163
MinimumVisualStudioVersion = 10.0.40219.1
Project("{FAE04EC0-301F-11D3-BF4B-00C04F79EFBC}") = "GoogleCalendarApp", "GoogleCalendarApp\GoogleCalendarApp.csproj", "{AC099F98-8753-4B48-8643-190BB1071661}"
EndProject
Global
	GlobalSection(SolutionConfigurationPlatforms) = preSolution
		Debug|Any CPU = Debug|Any CPU
		Release|Any CPU = Release|Any CPU
	EndGlobalSection
	GlobalSection(ProjectConfigurationPlatforms) = postSolution
		{AC099F98-8753-4B48-8643-190BB1071661}.Debug|Any CPU.ActiveCfg = Debug|Any CPU
		{AC099F98-8753-4B48-8643-190BB1071661}.Debug|Any CPU.Build.0 = Debug|Any CPU
		{AC099F98-8753-4B48-8643-190BB1071661}.Release|Any CPU.ActiveCfg = Release|Any CPU
		{AC099F98-8753-4B48-8643-190BB1071661}.Release|Any CPU.Build.0 = Release|Any CPU
	EndGlobalSection
	GlobalSection(SolutionProperties) = preSolution
		HideSolutionNode = FALSE
	EndGlobalSection
	GlobalSection(ExtensibilityGlobals) = postSolution
		SolutionGuid = {CBE19D90-39E1-48A9-AE40-069188C38D8D}
	EndGlobalSection
EndGlobal
